// !$*UTF8*$!
{
	archiveVersion = 1;
	classes = {
	};
	objectVersion = 48;
	objects = {

/* Begin PBXBuildFile section */
		2DC2217A1FA6F0DF000184DD /* AppDelegate.m in Sources */ = {isa = PBXBuildFile; fileRef = 2DC221791FA6F0DF000184DD /* AppDelegate.m */; };
		2DC2217D1FA6F0DF000184DD /* ViewController.m in Sources */ = {isa = PBXBuildFile; fileRef = 2DC2217C1FA6F0DF000184DD /* ViewController.m */; };
		2DC221801FA6F0DF000184DD /* Main.storyboard in Resources */ = {isa = PBXBuildFile; fileRef = 2DC2217E1FA6F0DF000184DD /* Main.storyboard */; };
		2DC221821FA6F0DF000184DD /* Assets.xcassets in Resources */ = {isa = PBXBuildFile; fileRef = 2DC221811FA6F0DF000184DD /* Assets.xcassets */; };
		2DC221851FA6F0DF000184DD /* LaunchScreen.storyboard in Resources */ = {isa = PBXBuildFile; fileRef = 2DC221831FA6F0DF000184DD /* LaunchScreen.storyboard */; };
		2DC221881FA6F0DF000184DD /* main.m in Sources */ = {isa = PBXBuildFile; fileRef = 2DC221871FA6F0DF000184DD /* main.m */; };
		2DC221A51FA6F25B000184DD /* AppDelegate+Pay.m in Sources */ = {isa = PBXBuildFile; fileRef = 2DC221911FA6F25B000184DD /* AppDelegate+Pay.m */; };
		2DC221A61FA6F25B000184DD /* HHBaseController.m in Sources */ = {isa = PBXBuildFile; fileRef = 2DC221951FA6F25B000184DD /* HHBaseController.m */; };
		2DC221A71FA6F25B000184DD /* HHMainController.m in Sources */ = {isa = PBXBuildFile; fileRef = 2DC221991FA6F25B000184DD /* HHMainController.m */; };
		2DC221A81FA6F25B000184DD /* HHMainController_iPad.xib in Resources */ = {isa = PBXBuildFile; fileRef = 2DC2219A1FA6F25B000184DD /* HHMainController_iPad.xib */; };
		2DC221A91FA6F25B000184DD /* HHMainController_iPhone.xib in Resources */ = {isa = PBXBuildFile; fileRef = 2DC2219B1FA6F25B000184DD /* HHMainController_iPhone.xib */; };
		2DC221AA1FA6F25B000184DD /* Global.m in Sources */ = {isa = PBXBuildFile; fileRef = 2DC221A01FA6F25B000184DD /* Global.m */; };
		2DC221AB1FA6F25B000184DD /* HHNetwork.m in Sources */ = {isa = PBXBuildFile; fileRef = 2DC221A41FA6F25B000184DD /* HHNetwork.m */; };
		6163B59B779B8D82EF12E075 /* libPods-shiwo.a in Frameworks */ = {isa = PBXBuildFile; fileRef = 30FD4CCCD8E9E1D4C247AB33 /* libPods-shiwo.a */; };
/* End PBXBuildFile section */

/* Begin PBXFileReference section */
		0BD9D39E6539CA3552B4DF99 /* Pods-shiwo.debug.xcconfig */ = {isa = PBXFileReference; includeInIndex = 1; lastKnownFileType = text.xcconfig; name = "Pods-shiwo.debug.xcconfig"; path = "Pods/Target Support Files/Pods-shiwo/Pods-shiwo.debug.xcconfig"; sourceTree = "<group>"; };
		2DC221751FA6F0DF000184DD /* shiwo.app */ = {isa = PBXFileReference; explicitFileType = wrapper.application; includeInIndex = 0; path = shiwo.app; sourceTree = BUILT_PRODUCTS_DIR; };
		2DC221781FA6F0DF000184DD /* AppDelegate.h */ = {isa = PBXFileReference; lastKnownFileType = sourcecode.c.h; path = AppDelegate.h; sourceTree = "<group>"; };
		2DC221791FA6F0DF000184DD /* AppDelegate.m */ = {isa = PBXFileReference; lastKnownFileType = sourcecode.c.objc; path = AppDelegate.m; sourceTree = "<group>"; };
		2DC2217B1FA6F0DF000184DD /* ViewController.h */ = {isa = PBXFileReference; lastKnownFileType = sourcecode.c.h; path = ViewController.h; sourceTree = "<group>"; };
		2DC2217C1FA6F0DF000184DD /* ViewController.m */ = {isa = PBXFileReference; lastKnownFileType = sourcecode.c.objc; path = ViewController.m; sourceTree = "<group>"; };
		2DC2217F1FA6F0DF000184DD /* Base */ = {isa = PBXFileReference; lastKnownFileType = file.storyboard; name = Base; path = Base.lproj/Main.storyboard; sourceTree = "<group>"; };
		2DC221811FA6F0DF000184DD /* Assets.xcassets */ = {isa = PBXFileReference; lastKnownFileType = folder.assetcatalog; path = Assets.xcassets; sourceTree = "<group>"; };
		2DC221841FA6F0DF000184DD /* Base */ = {isa = PBXFileReference; lastKnownFileType = file.storyboard; name = Base; path = Base.lproj/LaunchScreen.storyboard; sourceTree = "<group>"; };
		2DC221861FA6F0DF000184DD /* Info.plist */ = {isa = PBXFileReference; lastKnownFileType = text.plist.xml; path = Info.plist; sourceTree = "<group>"; };
		2DC221871FA6F0DF000184DD /* main.m */ = {isa = PBXFileReference; lastKnownFileType = sourcecode.c.objc; path = main.m; sourceTree = "<group>"; };
		2DC221901FA6F25B000184DD /* AppDelegate+Pay.h */ = {isa = PBXFileReference; fileEncoding = 4; lastKnownFileType = sourcecode.c.h; path = "AppDelegate+Pay.h"; sourceTree = "<group>"; };
		2DC221911FA6F25B000184DD /* AppDelegate+Pay.m */ = {isa = PBXFileReference; fileEncoding = 4; lastKnownFileType = sourcecode.c.objc; path = "AppDelegate+Pay.m"; sourceTree = "<group>"; };
		2DC221941FA6F25B000184DD /* HHBaseController.h */ = {isa = PBXFileReference; fileEncoding = 4; lastKnownFileType = sourcecode.c.h; path = HHBaseController.h; sourceTree = "<group>"; };
		2DC221951FA6F25B000184DD /* HHBaseController.m */ = {isa = PBXFileReference; fileEncoding = 4; lastKnownFileType = sourcecode.c.objc; path = HHBaseController.m; sourceTree = "<group>"; };
		2DC221981FA6F25B000184DD /* HHMainController.h */ = {isa = PBXFileReference; fileEncoding = 4; lastKnownFileType = sourcecode.c.h; path = HHMainController.h; sourceTree = "<group>"; };
		2DC221991FA6F25B000184DD /* HHMainController.m */ = {isa = PBXFileReference; fileEncoding = 4; lastKnownFileType = sourcecode.c.objc; path = HHMainController.m; sourceTree = "<group>"; };
		2DC2219A1FA6F25B000184DD /* HHMainController_iPad.xib */ = {isa = PBXFileReference; fileEncoding = 4; lastKnownFileType = file.xib; path = HHMainController_iPad.xib; sourceTree = "<group>"; };
		2DC2219B1FA6F25B000184DD /* HHMainController_iPhone.xib */ = {isa = PBXFileReference; fileEncoding = 4; lastKnownFileType = file.xib; path = HHMainController_iPhone.xib; sourceTree = "<group>"; };
		2DC2219D1FA6F25B000184DD /* Common.h */ = {isa = PBXFileReference; fileEncoding = 4; lastKnownFileType = sourcecode.c.h; path = Common.h; sourceTree = "<group>"; };
		2DC2219E1FA6F25B000184DD /* Const.h */ = {isa = PBXFileReference; fileEncoding = 4; lastKnownFileType = sourcecode.c.h; path = Const.h; sourceTree = "<group>"; };
		2DC2219F1FA6F25B000184DD /* Global.h */ = {isa = PBXFileReference; fileEncoding = 4; lastKnownFileType = sourcecode.c.h; path = Global.h; sourceTree = "<group>"; };
		2DC221A01FA6F25B000184DD /* Global.m */ = {isa = PBXFileReference; fileEncoding = 4; lastKnownFileType = sourcecode.c.objc; path = Global.m; sourceTree = "<group>"; };
		2DC221A31FA6F25B000184DD /* HHNetwork.h */ = {isa = PBXFileReference; fileEncoding = 4; lastKnownFileType = sourcecode.c.h; path = HHNetwork.h; sourceTree = "<group>"; };
		2DC221A41FA6F25B000184DD /* HHNetwork.m */ = {isa = PBXFileReference; fileEncoding = 4; lastKnownFileType = sourcecode.c.objc; path = HHNetwork.m; sourceTree = "<group>"; };
		2DC221AC1FA6F412000184DD /* PrefixHeader.pch */ = {isa = PBXFileReference; lastKnownFileType = sourcecode.c.h; path = PrefixHeader.pch; sourceTree = "<group>"; };
		30FD4CCCD8E9E1D4C247AB33 /* libPods-shiwo.a */ = {isa = PBXFileReference; explicitFileType = archive.ar; includeInIndex = 0; path = "libPods-shiwo.a"; sourceTree = BUILT_PRODUCTS_DIR; };
		68B55D9D89D3A2D34FA020C3 /* Pods-shiwo.release.xcconfig */ = {isa = PBXFileReference; includeInIndex = 1; lastKnownFileType = text.xcconfig; name = "Pods-shiwo.release.xcconfig"; path = "Pods/Target Support Files/Pods-shiwo/Pods-shiwo.release.xcconfig"; sourceTree = "<group>"; };
/* End PBXFileReference section */

/* Begin PBXFrameworksBuildPhase section */
		2DC221721FA6F0DF000184DD /* Frameworks */ = {
			isa = PBXFrameworksBuildPhase;
			buildActionMask = 2147483647;
			files = (
				6163B59B779B8D82EF12E075 /* libPods-shiwo.a in Frameworks */,
			);
			runOnlyForDeploymentPostprocessing = 0;
		};
/* End PBXFrameworksBuildPhase section */

/* Begin PBXGroup section */
		2DC2216C1FA6F0DF000184DD = {
			isa = PBXGroup;
			children = (
				2DC2218E1FA6F25B000184DD /* Code */,
				2DC221771FA6F0DF000184DD /* shiwo */,
				2DC221761FA6F0DF000184DD /* Products */,
				B7436131272DCFE471C2B7E4 /* Pods */,
				D7E6D089BEE2C72E8BD3B5F1 /* Frameworks */,
			);
			sourceTree = "<group>";
		};
		2DC221761FA6F0DF000184DD /* Products */ = {
			isa = PBXGroup;
			children = (
				2DC221751FA6F0DF000184DD /* shiwo.app */,
			);
			name = Products;
			sourceTree = "<group>";
		};
		2DC221771FA6F0DF000184DD /* shiwo */ = {
			isa = PBXGroup;
			children = (
				2DC221781FA6F0DF000184DD /* AppDelegate.h */,
				2DC221791FA6F0DF000184DD /* AppDelegate.m */,
				2DC2217B1FA6F0DF000184DD /* ViewController.h */,
				2DC2217C1FA6F0DF000184DD /* ViewController.m */,
				2DC2217E1FA6F0DF000184DD /* Main.storyboard */,
				2DC221811FA6F0DF000184DD /* Assets.xcassets */,
				2DC221831FA6F0DF000184DD /* LaunchScreen.storyboard */,
				2DC221861FA6F0DF000184DD /* Info.plist */,
				2DC221871FA6F0DF000184DD /* main.m */,
				2DC221AC1FA6F412000184DD /* PrefixHeader.pch */,
			);
			path = shiwo;
			sourceTree = "<group>";
		};
		2DC2218E1FA6F25B000184DD /* Code */ = {
			isa = PBXGroup;
			children = (
				2DC2218F1FA6F25B000184DD /* Category */,
				2DC221921FA6F25B000184DD /* Class */,
				2DC2219C1FA6F25B000184DD /* Common */,
				2DC221A11FA6F25B000184DD /* Util */,
			);
			path = Code;
			sourceTree = "<group>";
		};
		2DC2218F1FA6F25B000184DD /* Category */ = {
			isa = PBXGroup;
			children = (
				2DC221901FA6F25B000184DD /* AppDelegate+Pay.h */,
				2DC221911FA6F25B000184DD /* AppDelegate+Pay.m */,
			);
			path = Category;
			sourceTree = "<group>";
		};
		2DC221921FA6F25B000184DD /* Class */ = {
			isa = PBXGroup;
			children = (
				2DC221931FA6F25B000184DD /* Base */,
				2DC221961FA6F25B000184DD /* Main */,
			);
			path = Class;
			sourceTree = "<group>";
		};
		2DC221931FA6F25B000184DD /* Base */ = {
			isa = PBXGroup;
			children = (
				2DC221941FA6F25B000184DD /* HHBaseController.h */,
				2DC221951FA6F25B000184DD /* HHBaseController.m */,
			);
			path = Base;
			sourceTree = "<group>";
		};
		2DC221961FA6F25B000184DD /* Main */ = {
			isa = PBXGroup;
			children = (
				2DC221971FA6F25B000184DD /* Controller */,
			);
			path = Main;
			sourceTree = "<group>";
		};
		2DC221971FA6F25B000184DD /* Controller */ = {
			isa = PBXGroup;
			children = (
				2DC221981FA6F25B000184DD /* HHMainController.h */,
				2DC221991FA6F25B000184DD /* HHMainController.m */,
				2DC2219A1FA6F25B000184DD /* HHMainController_iPad.xib */,
				2DC2219B1FA6F25B000184DD /* HHMainController_iPhone.xib */,
			);
			path = Controller;
			sourceTree = "<group>";
		};
		2DC2219C1FA6F25B000184DD /* Common */ = {
			isa = PBXGroup;
			children = (
				2DC2219D1FA6F25B000184DD /* Common.h */,
				2DC2219E1FA6F25B000184DD /* Const.h */,
				2DC2219F1FA6F25B000184DD /* Global.h */,
				2DC221A01FA6F25B000184DD /* Global.m */,
			);
			path = Common;
			sourceTree = "<group>";
		};
		2DC221A11FA6F25B000184DD /* Util */ = {
			isa = PBXGroup;
			children = (
				2DC221A21FA6F25B000184DD /* HHNetwork */,
			);
			path = Util;
			sourceTree = "<group>";
		};
		2DC221A21FA6F25B000184DD /* HHNetwork */ = {
			isa = PBXGroup;
			children = (
				2DC221A31FA6F25B000184DD /* HHNetwork.h */,
				2DC221A41FA6F25B000184DD /* HHNetwork.m */,
			);
			path = HHNetwork;
			sourceTree = "<group>";
		};
		B7436131272DCFE471C2B7E4 /* Pods */ = {
			isa = PBXGroup;
			children = (
				0BD9D39E6539CA3552B4DF99 /* Pods-shiwo.debug.xcconfig */,
				68B55D9D89D3A2D34FA020C3 /* Pods-shiwo.release.xcconfig */,
			);
			name = Pods;
			sourceTree = "<group>";
		};
		D7E6D089BEE2C72E8BD3B5F1 /* Frameworks */ = {
			isa = PBXGroup;
			children = (
				30FD4CCCD8E9E1D4C247AB33 /* libPods-shiwo.a */,
			);
			name = Frameworks;
			sourceTree = "<group>";
		};
/* End PBXGroup section */

/* Begin PBXNativeTarget section */
		2DC221741FA6F0DF000184DD /* shiwo */ = {
			isa = PBXNativeTarget;
			buildConfigurationList = 2DC2218B1FA6F0DF000184DD /* Build configuration list for PBXNativeTarget "shiwo" */;
			buildPhases = (
				8C2AD798D03B582FCF074776 /* [CP] Check Pods Manifest.lock */,
				2DC221711FA6F0DF000184DD /* Sources */,
				2DC221721FA6F0DF000184DD /* Frameworks */,
				2DC221731FA6F0DF000184DD /* Resources */,
				4D70C7195CEDD3CB7B4BAA45 /* [CP] Embed Pods Frameworks */,
				A3A61787F8CA6382B0DEEAA4 /* [CP] Copy Pods Resources */,
			);
			buildRules = (
			);
			dependencies = (
			);
			name = shiwo;
			productName = shiwo;
			productReference = 2DC221751FA6F0DF000184DD /* shiwo.app */;
			productType = "com.apple.product-type.application";
		};
/* End PBXNativeTarget section */

/* Begin PBXProject section */
		2DC2216D1FA6F0DF000184DD /* Project object */ = {
			isa = PBXProject;
			attributes = {
				LastUpgradeCheck = 0900;
				ORGANIZATIONNAME = maoziyue;
				TargetAttributes = {
					2DC221741FA6F0DF000184DD = {
						CreatedOnToolsVersion = 9.0.1;
						ProvisioningStyle = Automatic;
					};
				};
			};
			buildConfigurationList = 2DC221701FA6F0DF000184DD /* Build configuration list for PBXProject "shiwo" */;
			compatibilityVersion = "Xcode 8.0";
			developmentRegion = en;
			hasScannedForEncodings = 0;
			knownRegions = (
				en,
				Base,
			);
			mainGroup = 2DC2216C1FA6F0DF000184DD;
			productRefGroup = 2DC221761FA6F0DF000184DD /* Products */;
			projectDirPath = "";
			projectRoot = "";
			targets = (
				2DC221741FA6F0DF000184DD /* shiwo */,
			);
		};
/* End PBXProject section */

/* Begin PBXResourcesBuildPhase section */
		2DC221731FA6F0DF000184DD /* Resources */ = {
			isa = PBXResourcesBuildPhase;
			buildActionMask = 2147483647;
			files = (
				2DC221A81FA6F25B000184DD /* HHMainController_iPad.xib in Resources */,
				2DC221851FA6F0DF000184DD /* LaunchScreen.storyboard in Resources */,
				2DC221821FA6F0DF000184DD /* Assets.xcassets in Resources */,
				2DC221801FA6F0DF000184DD /* Main.storyboard in Resources */,
				2DC221A91FA6F25B000184DD /* HHMainController_iPhone.xib in Resources */,
			);
			runOnlyForDeploymentPostprocessing = 0;
		};
/* End PBXResourcesBuildPhase section */

/* Begin PBXShellScriptBuildPhase section */
		4D70C7195CEDD3CB7B4BAA45 /* [CP] Embed Pods Frameworks */ = {
			isa = PBXShellScriptBuildPhase;
			buildActionMask = 2147483647;
			files = (
			);
			inputPaths = (
			);
			name = "[CP] Embed Pods Frameworks";
			outputPaths = (
			);
			runOnlyForDeploymentPostprocessing = 0;
			shellPath = /bin/sh;
			shellScript = "\"${SRCROOT}/Pods/Target Support Files/Pods-shiwo/Pods-shiwo-frameworks.sh\"\n";
			showEnvVarsInLog = 0;
		};
		8C2AD798D03B582FCF074776 /* [CP] Check Pods Manifest.lock */ = {
			isa = PBXShellScriptBuildPhase;
			buildActionMask = 2147483647;
			files = (
			);
			inputPaths = (
				"${PODS_PODFILE_DIR_PATH}/Podfile.lock",
				"${PODS_ROOT}/Manifest.lock",
			);
			name = "[CP] Check Pods Manifest.lock";
			outputPaths = (
				"$(DERIVED_FILE_DIR)/Pods-shiwo-checkManifestLockResult.txt",
			);
			runOnlyForDeploymentPostprocessing = 0;
			shellPath = /bin/sh;
			shellScript = "diff \"${PODS_PODFILE_DIR_PATH}/Podfile.lock\" \"${PODS_ROOT}/Manifest.lock\" > /dev/null\nif [ $? != 0 ] ; then\n    # print error to STDERR\n    echo \"error: The sandbox is not in sync with the Podfile.lock. Run 'pod install' or update your CocoaPods installation.\" >&2\n    exit 1\nfi\n# This output is used by Xcode 'outputs' to avoid re-running this script phase.\necho \"SUCCESS\" > \"${SCRIPT_OUTPUT_FILE_0}\"\n";
			showEnvVarsInLog = 0;
		};
		A3A61787F8CA6382B0DEEAA4 /* [CP] Copy Pods Resources */ = {
			isa = PBXShellScriptBuildPhase;
			buildActionMask = 2147483647;
			files = (
			);
			inputPaths = (
				"${SRCROOT}/Pods/Target Support Files/Pods-shiwo/Pods-shiwo-resources.sh",
				"${PODS_ROOT}/AMap3DMap/MAMapKit.framework/AMap.bundle",
				"${PODS_ROOT}/AMapNavi/AMapNaviKit.framework/AMapNavi.bundle",
				"${PODS_ROOT}/MJRefresh/MJRefresh/MJRefresh.bundle",
			);
			name = "[CP] Copy Pods Resources";
			outputPaths = (
				"${TARGET_BUILD_DIR}/${UNLOCALIZED_RESOURCES_FOLDER_PATH}",
			);
			runOnlyForDeploymentPostprocessing = 0;
			shellPath = /bin/sh;
			shellScript = "\"${SRCROOT}/Pods/Target Support Files/Pods-shiwo/Pods-shiwo-resources.sh\"\n";
			showEnvVarsInLog = 0;
		};
/* End PBXShellScriptBuildPhase section */

/* Begin PBXSourcesBuildPhase section */
		2DC221711FA6F0DF000184DD /* Sources */ = {
			isa = PBXSourcesBuildPhase;
			buildActionMask = 2147483647;
			files = (
				2DC221AB1FA6F25B000184DD /* HHNetwork.m in Sources */,
				2DC2217D1FA6F0DF000184DD /* ViewController.m in Sources */,
				2DC221A61FA6F25B000184DD /* HHBaseController.m in Sources */,
				2DC221A51FA6F25B000184DD /* AppDelegate+Pay.m in Sources */,
				2DC221AA1FA6F25B000184DD /* Global.m in Sources */,
				2DC221881FA6F0DF000184DD /* main.m in Sources */,
				2DC221A71FA6F25B000184DD /* HHMainController.m in Sources */,
				2DC2217A1FA6F0DF000184DD /* AppDelegate.m in Sources */,
			);
			runOnlyForDeploymentPostprocessing = 0;
		};
/* End PBXSourcesBuildPhase section */

/* Begin PBXVariantGroup section */
		2DC2217E1FA6F0DF000184DD /* Main.storyboard */ = {
			isa = PBXVariantGroup;
			children = (
				2DC2217F1FA6F0DF000184DD /* Base */,
			);
			name = Main.storyboard;
			sourceTree = "<group>";
		};
		2DC221831FA6F0DF000184DD /* LaunchScreen.storyboard */ = {
			isa = PBXVariantGroup;
			children = (
				2DC221841FA6F0DF000184DD /* Base */,
			);
			name = LaunchScreen.storyboard;
			sourceTree = "<group>";
		};
/* End PBXVariantGroup section */

/* Begin XCBuildConfiguration section */
		2DC221891FA6F0DF000184DD /* Debug */ = {
			isa = XCBuildConfiguration;
			buildSettings = {
				ALWAYS_SEARCH_USER_PATHS = NO;
				CLANG_ANALYZER_NONNULL = YES;
				CLANG_ANALYZER_NUMBER_OBJECT_CONVERSION = YES_AGGRESSIVE;
				CLANG_CXX_LANGUAGE_STANDARD = "gnu++14";
				CLANG_CXX_LIBRARY = "libc++";
				CLANG_ENABLE_MODULES = YES;
				CLANG_ENABLE_OBJC_ARC = YES;
				CLANG_WARN_BLOCK_CAPTURE_AUTORELEASING = YES;
				CLANG_WARN_BOOL_CONVERSION = YES;
				CLANG_WARN_COMMA = YES;
				CLANG_WARN_CONSTANT_CONVERSION = YES;
				CLANG_WARN_DIRECT_OBJC_ISA_USAGE = YES_ERROR;
				CLANG_WARN_DOCUMENTATION_COMMENTS = YES;
				CLANG_WARN_EMPTY_BODY = YES;
				CLANG_WARN_ENUM_CONVERSION = YES;
				CLANG_WARN_INFINITE_RECURSION = YES;
				CLANG_WARN_INT_CONVERSION = YES;
				CLANG_WARN_NON_LITERAL_NULL_CONVERSION = YES;
				CLANG_WARN_OBJC_LITERAL_CONVERSION = YES;
				CLANG_WARN_OBJC_ROOT_CLASS = YES_ERROR;
				CLANG_WARN_RANGE_LOOP_ANALYSIS = YES;
				CLANG_WARN_STRICT_PROTOTYPES = YES;
				CLANG_WARN_SUSPICIOUS_MOVE = YES;
				CLANG_WARN_UNGUARDED_AVAILABILITY = YES_AGGRESSIVE;
				CLANG_WARN_UNREACHABLE_CODE = YES;
				CLANG_WARN__DUPLICATE_METHOD_MATCH = YES;
				CODE_SIGN_IDENTITY = "iPhone Developer";
				COPY_PHASE_STRIP = NO;
				DEBUG_INFORMATION_FORMAT = dwarf;
				ENABLE_STRICT_OBJC_MSGSEND = YES;
				ENABLE_TESTABILITY = YES;
				GCC_C_LANGUAGE_STANDARD = gnu11;
				GCC_DYNAMIC_NO_PIC = NO;
				GCC_NO_COMMON_BLOCKS = YES;
				GCC_OPTIMIZATION_LEVEL = 0;
				GCC_PREPROCESSOR_DEFINITIONS = (
					"DEBUG=1",
					"$(inherited)",
				);
				GCC_WARN_64_TO_32_BIT_CONVERSION = YES;
				GCC_WARN_ABOUT_RETURN_TYPE = YES_ERROR;
				GCC_WARN_UNDECLARED_SELECTOR = YES;
				GCC_WARN_UNINITIALIZED_AUTOS = YES_AGGRESSIVE;
				GCC_WARN_UNUSED_FUNCTION = YES;
				GCC_WARN_UNUSED_VARIABLE = YES;
				IPHONEOS_DEPLOYMENT_TARGET = 11.0;
				MTL_ENABLE_DEBUG_INFO = YES;
				ONLY_ACTIVE_ARCH = YES;
				SDKROOT = iphoneos;
			};
			name = Debug;
		};
		2DC2218A1FA6F0DF000184DD /* Release */ = {
			isa = XCBuildConfiguration;
			buildSettings = {
				ALWAYS_SEARCH_USER_PATHS = NO;
				CLANG_ANALYZER_NONNULL = YES;
				CLANG_ANALYZER_NUMBER_OBJECT_CONVERSION = YES_AGGRESSIVE;
				CLANG_CXX_LANGUAGE_STANDARD = "gnu++14";
				CLANG_CXX_LIBRARY = "libc++";
				CLANG_ENABLE_MODULES = YES;
				CLANG_ENABLE_OBJC_ARC = YES;
				CLANG_WARN_BLOCK_CAPTURE_AUTORELEASING = YES;
				CLANG_WARN_BOOL_CONVERSION = YES;
				CLANG_WARN_COMMA = YES;
				CLANG_WARN_CONSTANT_CONVERSION = YES;
				CLANG_WARN_DIRECT_OBJC_ISA_USAGE = YES_ERROR;
				CLANG_WARN_DOCUMENTATION_COMMENTS = YES;
				CLANG_WARN_EMPTY_BODY = YES;
				CLANG_WARN_ENUM_CONVERSION = YES;
				CLANG_WARN_INFINITE_RECURSION = YES;
				CLANG_WARN_INT_CONVERSION = YES;
				CLANG_WARN_NON_LITERAL_NULL_CONVERSION = YES;
				CLANG_WARN_OBJC_LITERAL_CONVERSION = YES;
				CLANG_WARN_OBJC_ROOT_CLASS = YES_ERROR;
				CLANG_WARN_RANGE_LOOP_ANALYSIS = YES;
				CLANG_WARN_STRICT_PROTOTYPES = YES;
				CLANG_WARN_SUSPICIOUS_MOVE = YES;
				CLANG_WARN_UNGUARDED_AVAILABILITY = YES_AGGRESSIVE;
				CLANG_WARN_UNREACHABLE_CODE = YES;
				CLANG_WARN__DUPLICATE_METHOD_MATCH = YES;
				CODE_SIGN_IDENTITY = "iPhone Developer";
				COPY_PHASE_STRIP = NO;
				DEBUG_INFORMATION_FORMAT = "dwarf-with-dsym";
				ENABLE_NS_ASSERTIONS = NO;
				ENABLE_STRICT_OBJC_MSGSEND = YES;
				GCC_C_LANGUAGE_STANDARD = gnu11;
				GCC_NO_COMMON_BLOCKS = YES;
				GCC_WARN_64_TO_32_BIT_CONVERSION = YES;
				GCC_WARN_ABOUT_RETURN_TYPE = YES_ERROR;
				GCC_WARN_UNDECLARED_SELECTOR = YES;
				GCC_WARN_UNINITIALIZED_AUTOS = YES_AGGRESSIVE;
				GCC_WARN_UNUSED_FUNCTION = YES;
				GCC_WARN_UNUSED_VARIABLE = YES;
				IPHONEOS_DEPLOYMENT_TARGET = 11.0;
				MTL_ENABLE_DEBUG_INFO = NO;
				SDKROOT = iphoneos;
				VALIDATE_PRODUCT = YES;
			};
			name = Release;
		};
		2DC2218C1FA6F0DF000184DD /* Debug */ = {
			isa = XCBuildConfiguration;
			baseConfigurationReference = 0BD9D39E6539CA3552B4DF99 /* Pods-shiwo.debug.xcconfig */;
			buildSettings = {
				ASSETCATALOG_COMPILER_APPICON_NAME = AppIcon;
				CODE_SIGN_STYLE = Automatic;
				DEVELOPMENT_TEAM = U849E38UE8;
				GCC_PRECOMPILE_PREFIX_HEADER = YES;
				GCC_PREFIX_HEADER = "$(SRCROOT)/shiwo/PrefixHeader.pch";
				INFOPLIST_FILE = shiwo/Info.plist;
				IPHONEOS_DEPLOYMENT_TARGET = 9.0;
				LD_RUNPATH_SEARCH_PATHS = "$(inherited) @executable_path/Frameworks";
				PRODUCT_BUNDLE_IDENTIFIER = com.maoziyue.shiwo;
				PRODUCT_NAME = "$(TARGET_NAME)";
				TARGETED_DEVICE_FAMILY = "1,2";
			};
			name = Debug;
		};
		2DC2218D1FA6F0DF000184DD /* Release */ = {
			isa = XCBuildConfiguration;
			baseConfigurationReference = 68B55D9D89D3A2D34FA020C3 /* Pods-shiwo.release.xcconfig */;
			buildSettings = {
				ASSETCATALOG_COMPILER_APPICON_NAME = AppIcon;
				CODE_SIGN_STYLE = Automatic;
				DEVELOPMENT_TEAM = U849E38UE8;
				GCC_PRECOMPILE_PREFIX_HEADER = YES;
				GCC_PREFIX_HEADER = "$(SRCROOT)/shiwo/PrefixHeader.pch";
				INFOPLIST_FILE = shiwo/Info.plist;
				IPHONEOS_DEPLOYMENT_TARGET = 9.0;
				LD_RUNPATH_SEARCH_PATHS = "$(inherited) @executable_path/Frameworks";
				PRODUCT_BUNDLE_IDENTIFIER = com.maoziyue.shiwo;
				PRODUCT_NAME = "$(TARGET_NAME)";
				TARGETED_DEVICE_FAMILY = "1,2";
			};
			name = Release;
		};
/* End XCBuildConfiguration section */

/* Begin XCConfigurationList section */
		2DC221701FA6F0DF000184DD /* Build configuration list for PBXProject "shiwo" */ = {
			isa = XCConfigurationList;
			buildConfigurations = (
				2DC221891FA6F0DF000184DD /* Debug */,
				2DC2218A1FA6F0DF000184DD /* Release */,
			);
			defaultConfigurationIsVisible = 0;
			defaultConfigurationName = Release;
		};
		2DC2218B1FA6F0DF000184DD /* Build configuration list for PBXNativeTarget "shiwo" */ = {
			isa = XCConfigurationList;
			buildConfigurations = (
				2DC2218C1FA6F0DF000184DD /* Debug */,
				2DC2218D1FA6F0DF000184DD /* Release */,
			);
			defaultConfigurationIsVisible = 0;
			defaultConfigurationName = Release;
		};
/* End XCConfigurationList section */
	};
	rootObject = 2DC2216D1FA6F0DF000184DD /* Project object */;
}
